
Microsoft Visual Studio Solution File, Format Version 12.00
# Visual Studio Version 17
VisualStudioVersion = 17.0.31903.59
MinimumVisualStudioVersion = 10.0.40219.1
Project("{2150E333-8FDC-42A3-9474-1A3956D46DE8}") = "src", "src", "{EB4844C6-F0FF-4679-A9E8-A8CD3329CDDB}"
EndProject
Project("{FAE04EC0-301F-11D3-BF4B-00C04F79EFBC}") = "GT7TuningShare", "src\GT7TuningShare\GT7TuningShare.csproj", "{C9B0EA5D-6013-454F-8C86-01D297B71953}"
EndProject
Project("{2150E333-8FDC-42A3-9474-1A3956D46DE8}") = "Modules", "Modules", "{06F01DE4-ED49-46EF-8F45-071371A87FF5}"
EndProject
Project("{FAE04EC0-301F-11D3-BF4B-00C04F79EFBC}") = "GT7TuningShare.Module", "Modules\GT7TuningShare.Module\GT7TuningShare.Module.csproj", "{799BD9D5-0946-4828-8FC8-02C52137CB89}"
EndProject
Global
	GlobalSection(SolutionConfigurationPlatforms) = preSolution
		Debug|Any CPU = Debug|Any CPU
		Release|Any CPU = Release|Any CPU
	EndGlobalSection
	GlobalSection(SolutionProperties) = preSolution
		HideSolutionNode = FALSE
	EndGlobalSection
	GlobalSection(ProjectConfigurationPlatforms) = postSolution
		{C9B0EA5D-6013-454F-8C86-01D297B71953}.Debug|Any CPU.ActiveCfg = Debug|Any CPU
		{C9B0EA5D-6013-454F-8C86-01D297B71953}.Debug|Any CPU.Build.0 = Debug|Any CPU
		{C9B0EA5D-6013-454F-8C86-01D297B71953}.Release|Any CPU.ActiveCfg = Release|Any CPU
		{C9B0EA5D-6013-454F-8C86-01D297B71953}.Release|Any CPU.Build.0 = Release|Any CPU
		{799BD9D5-0946-4828-8FC8-02C52137CB89}.Debug|Any CPU.ActiveCfg = Debug|Any CPU
		{799BD9D5-0946-4828-8FC8-02C52137CB89}.Debug|Any CPU.Build.0 = Debug|Any CPU
		{799BD9D5-0946-4828-8FC8-02C52137CB89}.Release|Any CPU.ActiveCfg = Release|Any CPU
		{799BD9D5-0946-4828-8FC8-02C52137CB89}.Release|Any CPU.Build.0 = Release|Any CPU
	EndGlobalSection
	GlobalSection(NestedProjects) = preSolution
		{C9B0EA5D-6013-454F-8C86-01D297B71953} = {EB4844C6-F0FF-4679-A9E8-A8CD3329CDDB}
		{799BD9D5-0946-4828-8FC8-02C52137CB89} = {06F01DE4-ED49-46EF-8F45-071371A87FF5}
	EndGlobalSection
EndGlobal
